// !$*UTF8*$!
{
	archiveVersion = 1;
	classes = {
	};
	objectVersion = 46;
	objects = {

/* Begin PBXBuildFile section */
		5108FBC216A87F140020589D /* UIKit.framework in Frameworks */ = {isa = PBXBuildFile; fileRef = 5108FBC116A87F140020589D /* UIKit.framework */; };
		5108FBC416A87F140020589D /* Foundation.framework in Frameworks */ = {isa = PBXBuildFile; fileRef = 5108FBC316A87F140020589D /* Foundation.framework */; };
		5108FBC616A87F140020589D /* CoreGraphics.framework in Frameworks */ = {isa = PBXBuildFile; fileRef = 5108FBC516A87F140020589D /* CoreGraphics.framework */; };
		5108FBC916A87F140020589D /* Podfile in Resources */ = {isa = PBXBuildFile; fileRef = 5108FBC816A87F140020589D /* Podfile */; };
		5108FBCF16A87F140020589D /* UitzendingGemistAPIClient.m in Sources */ = {isa = PBXBuildFile; fileRef = 5108FBCE16A87F140020589D /* UitzendingGemistAPIClient.m */; };
		5108FBD316A87F140020589D /* InfoPlist.strings in Resources */ = {isa = PBXBuildFile; fileRef = 5108FBD116A87F140020589D /* InfoPlist.strings */; };
		5108FBD516A87F140020589D /* main.m in Sources */ = {isa = PBXBuildFile; fileRef = 5108FBD416A87F140020589D /* main.m */; };
		5108FBD816A87F140020589D /* UZGAppDelegate.m in Sources */ = {isa = PBXBuildFile; fileRef = 5108FBD716A87F140020589D /* UZGAppDelegate.m */; };
		5108FBDA16A87F140020589D /* Default.png in Resources */ = {isa = PBXBuildFile; fileRef = 5108FBD916A87F140020589D /* Default.png */; };
		5108FBDC16A87F140020589D /* Default@2x.png in Resources */ = {isa = PBXBuildFile; fileRef = 5108FBDB16A87F140020589D /* Default@2x.png */; };
		5108FBDE16A87F140020589D /* Default-568h@2x.png in Resources */ = {isa = PBXBuildFile; fileRef = 5108FBDD16A87F140020589D /* Default-568h@2x.png */; };
		511901FA16AA1CC2006E7359 /* BRBaseAppliance.m in Sources */ = {isa = PBXBuildFile; fileRef = 511901F916AA1CC2006E7359 /* BRBaseAppliance.m */; };
		511901FD16AA225E006E7359 /* UZGAppliance.m in Sources */ = {isa = PBXBuildFile; fileRef = 511901FC16AA225E006E7359 /* UZGAppliance.m */; };
		5119020016AA2BC1006E7359 /* BRApplianceCategory.m in Sources */ = {isa = PBXBuildFile; fileRef = 511901FF16AA2BC1006E7359 /* BRApplianceCategory.m */; };
		BB1EACA1B2FF4611A6C13156 /* libPods.a in Frameworks */ = {isa = PBXBuildFile; fileRef = 35AD7A1621304CC5AED3E626 /* libPods.a */; };
/* End PBXBuildFile section */

/* Begin PBXFileReference section */
		35AD7A1621304CC5AED3E626 /* libPods.a */ = {isa = PBXFileReference; explicitFileType = archive.ar; includeInIndex = 0; path = libPods.a; sourceTree = BUILT_PRODUCTS_DIR; };
		4E5DF97B55E94BDB8D054A9A /* Pods.xcconfig */ = {isa = PBXFileReference; includeInIndex = 1; lastKnownFileType = text.xcconfig; name = Pods.xcconfig; path = Pods/Pods.xcconfig; sourceTree = SOURCE_ROOT; };
		5108FBBD16A87F140020589D /* UitzendingGemist.app */ = {isa = PBXFileReference; explicitFileType = wrapper.application; includeInIndex = 0; path = UitzendingGemist.app; sourceTree = BUILT_PRODUCTS_DIR; };
		5108FBC116A87F140020589D /* UIKit.framework */ = {isa = PBXFileReference; lastKnownFileType = wrapper.framework; name = UIKit.framework; path = System/Library/Frameworks/UIKit.framework; sourceTree = SDKROOT; };
		5108FBC316A87F140020589D /* Foundation.framework */ = {isa = PBXFileReference; lastKnownFileType = wrapper.framework; name = Foundation.framework; path = System/Library/Frameworks/Foundation.framework; sourceTree = SDKROOT; };
		5108FBC516A87F140020589D /* CoreGraphics.framework */ = {isa = PBXFileReference; lastKnownFileType = wrapper.framework; name = CoreGraphics.framework; path = System/Library/Frameworks/CoreGraphics.framework; sourceTree = SDKROOT; };
		5108FBC816A87F140020589D /* Podfile */ = {isa = PBXFileReference; lastKnownFileType = text; name = Podfile; path = ../Podfile; sourceTree = "<group>"; };
		5108FBCB16A87F140020589D /* UitzendingGemist-Prefix.pch */ = {isa = PBXFileReference; lastKnownFileType = sourcecode.c.h; path = "UitzendingGemist-Prefix.pch"; sourceTree = "<group>"; };
		5108FBCD16A87F140020589D /* UitzendingGemistAPIClient.h */ = {isa = PBXFileReference; lastKnownFileType = sourcecode.c.h; name = UitzendingGemistAPIClient.h; path = Classes/UitzendingGemistAPIClient.h; sourceTree = "<group>"; };
		5108FBCE16A87F140020589D /* UitzendingGemistAPIClient.m */ = {isa = PBXFileReference; lastKnownFileType = sourcecode.c.objc; name = UitzendingGemistAPIClient.m; path = Classes/UitzendingGemistAPIClient.m; sourceTree = "<group>"; };
		5108FBD016A87F140020589D /* UitzendingGemist-Info.plist */ = {isa = PBXFileReference; lastKnownFileType = text.plist.xml; path = "UitzendingGemist-Info.plist"; sourceTree = "<group>"; };
		5108FBD216A87F140020589D /* en */ = {isa = PBXFileReference; lastKnownFileType = text.plist.strings; name = en; path = en.lproj/InfoPlist.strings; sourceTree = "<group>"; };
		5108FBD416A87F140020589D /* main.m */ = {isa = PBXFileReference; lastKnownFileType = sourcecode.c.objc; path = main.m; sourceTree = "<group>"; };
		5108FBD616A87F140020589D /* UZGAppDelegate.h */ = {isa = PBXFileReference; lastKnownFileType = sourcecode.c.h; path = UZGAppDelegate.h; sourceTree = "<group>"; };
		5108FBD716A87F140020589D /* UZGAppDelegate.m */ = {isa = PBXFileReference; lastKnownFileType = sourcecode.c.objc; path = UZGAppDelegate.m; sourceTree = "<group>"; };
		5108FBD916A87F140020589D /* Default.png */ = {isa = PBXFileReference; lastKnownFileType = image.png; path = Default.png; sourceTree = "<group>"; };
		5108FBDB16A87F140020589D /* Default@2x.png */ = {isa = PBXFileReference; lastKnownFileType = image.png; path = "Default@2x.png"; sourceTree = "<group>"; };
		5108FBDD16A87F140020589D /* Default-568h@2x.png */ = {isa = PBXFileReference; lastKnownFileType = image.png; path = "Default-568h@2x.png"; sourceTree = "<group>"; };
		511901F816AA1CC2006E7359 /* BRBaseAppliance.h */ = {isa = PBXFileReference; fileEncoding = 4; lastKnownFileType = sourcecode.c.h; path = BRBaseAppliance.h; sourceTree = "<group>"; };
		511901F916AA1CC2006E7359 /* BRBaseAppliance.m */ = {isa = PBXFileReference; fileEncoding = 4; lastKnownFileType = sourcecode.c.objc; path = BRBaseAppliance.m; sourceTree = "<group>"; };
		511901FB16AA225E006E7359 /* UZGAppliance.h */ = {isa = PBXFileReference; fileEncoding = 4; lastKnownFileType = sourcecode.c.h; name = UZGAppliance.h; path = Classes/UZGAppliance.h; sourceTree = "<group>"; };
		511901FC16AA225E006E7359 /* UZGAppliance.m */ = {isa = PBXFileReference; fileEncoding = 4; lastKnownFileType = sourcecode.c.objc; name = UZGAppliance.m; path = Classes/UZGAppliance.m; sourceTree = "<group>"; };
		511901FE16AA2BC1006E7359 /* BRApplianceCategory.h */ = {isa = PBXFileReference; fileEncoding = 4; lastKnownFileType = sourcecode.c.h; path = BRApplianceCategory.h; sourceTree = "<group>"; };
		511901FF16AA2BC1006E7359 /* BRApplianceCategory.m */ = {isa = PBXFileReference; fileEncoding = 4; lastKnownFileType = sourcecode.c.objc; path = BRApplianceCategory.m; sourceTree = "<group>"; };
/* End PBXFileReference section */

/* Begin PBXFrameworksBuildPhase section */
		5108FBBA16A87F140020589D /* Frameworks */ = {
			isa = PBXFrameworksBuildPhase;
			buildActionMask = 2147483647;
			files = (
				5108FBC216A87F140020589D /* UIKit.framework in Frameworks */,
				5108FBC416A87F140020589D /* Foundation.framework in Frameworks */,
				5108FBC616A87F140020589D /* CoreGraphics.framework in Frameworks */,
				BB1EACA1B2FF4611A6C13156 /* libPods.a in Frameworks */,
			);
			runOnlyForDeploymentPostprocessing = 0;
		};
/* End PBXFrameworksBuildPhase section */

/* Begin PBXGroup section */
		5108FBB216A87F140020589D = {
			isa = PBXGroup;
			children = (
				511901F316AA183B006E7359 /* BackRow */,
				5108FBC716A87F140020589D /* UitzendingGemist */,
				5108FBC016A87F140020589D /* Frameworks */,
				5108FBBE16A87F140020589D /* Products */,
				4E5DF97B55E94BDB8D054A9A /* Pods.xcconfig */,
			);
			sourceTree = "<group>";
		};
		5108FBBE16A87F140020589D /* Products */ = {
			isa = PBXGroup;
			children = (
				5108FBBD16A87F140020589D /* UitzendingGemist.app */,
			);
			name = Products;
			sourceTree = "<group>";
		};
		5108FBC016A87F140020589D /* Frameworks */ = {
			isa = PBXGroup;
			children = (
				5108FBC116A87F140020589D /* UIKit.framework */,
				5108FBC316A87F140020589D /* Foundation.framework */,
				5108FBC516A87F140020589D /* CoreGraphics.framework */,
				35AD7A1621304CC5AED3E626 /* libPods.a */,
			);
			name = Frameworks;
			sourceTree = "<group>";
		};
		5108FBC716A87F140020589D /* UitzendingGemist */ = {
			isa = PBXGroup;
			children = (
				5108FBC816A87F140020589D /* Podfile */,
				5108FBD616A87F140020589D /* UZGAppDelegate.h */,
				5108FBD716A87F140020589D /* UZGAppDelegate.m */,
				5108FBCC16A87F140020589D /* Networking */,
				5108FBCA16A87F140020589D /* Supporting Files */,
				511901FB16AA225E006E7359 /* UZGAppliance.h */,
				511901FC16AA225E006E7359 /* UZGAppliance.m */,
			);
			path = UitzendingGemist;
			sourceTree = "<group>";
		};
		5108FBCA16A87F140020589D /* Supporting Files */ = {
			isa = PBXGroup;
			children = (
				5108FBCB16A87F140020589D /* UitzendingGemist-Prefix.pch */,
				5108FBD016A87F140020589D /* UitzendingGemist-Info.plist */,
				5108FBD116A87F140020589D /* InfoPlist.strings */,
				5108FBD416A87F140020589D /* main.m */,
				5108FBD916A87F140020589D /* Default.png */,
				5108FBDB16A87F140020589D /* Default@2x.png */,
				5108FBDD16A87F140020589D /* Default-568h@2x.png */,
			);
			name = "Supporting Files";
			sourceTree = "<group>";
		};
		5108FBCC16A87F140020589D /* Networking */ = {
			isa = PBXGroup;
			children = (
				5108FBCD16A87F140020589D /* UitzendingGemistAPIClient.h */,
				5108FBCE16A87F140020589D /* UitzendingGemistAPIClient.m */,
			);
			name = Networking;
			sourceTree = "<group>";
		};
		511901F316AA183B006E7359 /* BackRow */ = {
			isa = PBXGroup;
			children = (
				511901F816AA1CC2006E7359 /* BRBaseAppliance.h */,
				511901F916AA1CC2006E7359 /* BRBaseAppliance.m */,
				511901FE16AA2BC1006E7359 /* BRApplianceCategory.h */,
				511901FF16AA2BC1006E7359 /* BRApplianceCategory.m */,
			);
			path = BackRow;
			sourceTree = "<group>";
		};
/* End PBXGroup section */

/* Begin PBXNativeTarget section */
		5108FBBC16A87F140020589D /* UitzendingGemist */ = {
			isa = PBXNativeTarget;
			buildConfigurationList = 5108FBE116A87F140020589D /* Build configuration list for PBXNativeTarget "UitzendingGemist" */;
			buildPhases = (
				5108FBB916A87F140020589D /* Sources */,
				5108FBBA16A87F140020589D /* Frameworks */,
				5108FBBB16A87F140020589D /* Resources */,
				C8F2446619884222ACA1A4C7 /* Copy Pods Resources */,
			);
			buildRules = (
			);
			dependencies = (
			);
			name = UitzendingGemist;
			productName = UitzendingGemist;
			productReference = 5108FBBD16A87F140020589D /* UitzendingGemist.app */;
			productType = "com.apple.product-type.application";
		};
/* End PBXNativeTarget section */

/* Begin PBXProject section */
		5108FBB416A87F140020589D /* Project object */ = {
			isa = PBXProject;
			attributes = {
				CLASSPREFIX = UZG;
				LastUpgradeCheck = 0450;
				ORGANIZATIONNAME = SuperAlloy;
			};
			buildConfigurationList = 5108FBB716A87F140020589D /* Build configuration list for PBXProject "UitzendingGemist" */;
			compatibilityVersion = "Xcode 3.2";
			developmentRegion = English;
			hasScannedForEncodings = 0;
			knownRegions = (
				en,
			);
			mainGroup = 5108FBB216A87F140020589D;
			productRefGroup = 5108FBBE16A87F140020589D /* Products */;
			projectDirPath = "";
			projectRoot = "";
			targets = (
				5108FBBC16A87F140020589D /* UitzendingGemist */,
			);
		};
/* End PBXProject section */

/* Begin PBXResourcesBuildPhase section */
		5108FBBB16A87F140020589D /* Resources */ = {
			isa = PBXResourcesBuildPhase;
			buildActionMask = 2147483647;
			files = (
				5108FBC916A87F140020589D /* Podfile in Resources */,
				5108FBD316A87F140020589D /* InfoPlist.strings in Resources */,
				5108FBDA16A87F140020589D /* Default.png in Resources */,
				5108FBDC16A87F140020589D /* Default@2x.png in Resources */,
				5108FBDE16A87F140020589D /* Default-568h@2x.png in Resources */,
			);
			runOnlyForDeploymentPostprocessing = 0;
		};
/* End PBXResourcesBuildPhase section */

/* Begin PBXShellScriptBuildPhase section */
		C8F2446619884222ACA1A4C7 /* Copy Pods Resources */ = {
			isa = PBXShellScriptBuildPhase;
			buildActionMask = 2147483647;
			files = (
			);
			inputPaths = (
			);
			name = "Copy Pods Resources";
			outputPaths = (
			);
			runOnlyForDeploymentPostprocessing = 0;
			shellPath = /bin/sh;
			shellScript = "\"${SRCROOT}/Pods/Pods-resources.sh\"\n";
		};
/* End PBXShellScriptBuildPhase section */

/* Begin PBXSourcesBuildPhase section */
		5108FBB916A87F140020589D /* Sources */ = {
			isa = PBXSourcesBuildPhase;
			buildActionMask = 2147483647;
			files = (
				5108FBCF16A87F140020589D /* UitzendingGemistAPIClient.m in Sources */,
				5108FBD516A87F140020589D /* main.m in Sources */,
				5108FBD816A87F140020589D /* UZGAppDelegate.m in Sources */,
				511901FA16AA1CC2006E7359 /* BRBaseAppliance.m in Sources */,
				511901FD16AA225E006E7359 /* UZGAppliance.m in Sources */,
				5119020016AA2BC1006E7359 /* BRApplianceCategory.m in Sources */,
			);
			runOnlyForDeploymentPostprocessing = 0;
		};
/* End PBXSourcesBuildPhase section */

/* Begin PBXVariantGroup section */
		5108FBD116A87F140020589D /* InfoPlist.strings */ = {
			isa = PBXVariantGroup;
			children = (
				5108FBD216A87F140020589D /* en */,
			);
			name = InfoPlist.strings;
			sourceTree = "<group>";
		};
/* End PBXVariantGroup section */

/* Begin XCBuildConfiguration section */
		5108FBDF16A87F140020589D /* Debug */ = {
			isa = XCBuildConfiguration;
			buildSettings = {
				ALWAYS_SEARCH_USER_PATHS = NO;
				CLANG_CXX_LANGUAGE_STANDARD = "gnu++0x";
				CLANG_CXX_LIBRARY = "libc++";
				CLANG_WARN_EMPTY_BODY = YES;
				CLANG_WARN__DUPLICATE_METHOD_MATCH = YES;
				"CODE_SIGN_IDENTITY[sdk=iphoneos*]" = "iPhone Developer";
				COPY_PHASE_STRIP = NO;
				GCC_C_LANGUAGE_STANDARD = gnu99;
				GCC_DYNAMIC_NO_PIC = NO;
				GCC_OPTIMIZATION_LEVEL = 0;
				GCC_PREPROCESSOR_DEFINITIONS = (
					"DEBUG=1",
					"$(inherited)",
				);
				GCC_SYMBOLS_PRIVATE_EXTERN = NO;
				GCC_WARN_ABOUT_RETURN_TYPE = YES;
				GCC_WARN_UNINITIALIZED_AUTOS = YES;
				GCC_WARN_UNUSED_VARIABLE = YES;
				IPHONEOS_DEPLOYMENT_TARGET = 6.0;
				ONLY_ACTIVE_ARCH = YES;
				SDKROOT = iphoneos;
			};
			name = Debug;
		};
		5108FBE016A87F140020589D /* Release */ = {
			isa = XCBuildConfiguration;
			buildSettings = {
				ALWAYS_SEARCH_USER_PATHS = NO;
				CLANG_CXX_LANGUAGE_STANDARD = "gnu++0x";
				CLANG_CXX_LIBRARY = "libc++";
				CLANG_WARN_EMPTY_BODY = YES;
				CLANG_WARN__DUPLICATE_METHOD_MATCH = YES;
				"CODE_SIGN_IDENTITY[sdk=iphoneos*]" = "iPhone Developer";
				COPY_PHASE_STRIP = YES;
				GCC_C_LANGUAGE_STANDARD = gnu99;
				GCC_WARN_ABOUT_RETURN_TYPE = YES;
				GCC_WARN_UNINITIALIZED_AUTOS = YES;
				GCC_WARN_UNUSED_VARIABLE = YES;
				IPHONEOS_DEPLOYMENT_TARGET = 6.0;
				OTHER_CFLAGS = "-DNS_BLOCK_ASSERTIONS=1";
				SDKROOT = iphoneos;
				VALIDATE_PRODUCT = YES;
			};
			name = Release;
		};
		5108FBE216A87F140020589D /* Debug */ = {
			isa = XCBuildConfiguration;
			baseConfigurationReference = 4E5DF97B55E94BDB8D054A9A /* Pods.xcconfig */;
			buildSettings = {
				GCC_PRECOMPILE_PREFIX_HEADER = YES;
				GCC_PREFIX_HEADER = "UitzendingGemist/UitzendingGemist-Prefix.pch";
				INFOPLIST_FILE = "UitzendingGemist/UitzendingGemist-Info.plist";
				PRODUCT_NAME = "$(TARGET_NAME)";
				WRAPPER_EXTENSION = app;
			};
			name = Debug;
		};
		5108FBE316A87F140020589D /* Release */ = {
			isa = XCBuildConfiguration;
			baseConfigurationReference = 4E5DF97B55E94BDB8D054A9A /* Pods.xcconfig */;
			buildSettings = {
				GCC_PRECOMPILE_PREFIX_HEADER = YES;
				GCC_PREFIX_HEADER = "UitzendingGemist/UitzendingGemist-Prefix.pch";
				INFOPLIST_FILE = "UitzendingGemist/UitzendingGemist-Info.plist";
				PRODUCT_NAME = "$(TARGET_NAME)";
				WRAPPER_EXTENSION = app;
			};
			name = Release;
		};
/* End XCBuildConfiguration section */

/* Begin XCConfigurationList section */
		5108FBB716A87F140020589D /* Build configuration list for PBXProject "UitzendingGemist" */ = {
			isa = XCConfigurationList;
			buildConfigurations = (
				5108FBDF16A87F140020589D /* Debug */,
				5108FBE016A87F140020589D /* Release */,
			);
			defaultConfigurationIsVisible = 0;
			defaultConfigurationName = Release;
		};
		5108FBE116A87F140020589D /* Build configuration list for PBXNativeTarget "UitzendingGemist" */ = {
			isa = XCConfigurationList;
			buildConfigurations = (
				5108FBE216A87F140020589D /* Debug */,
				5108FBE316A87F140020589D /* Release */,
			);
			defaultConfigurationIsVisible = 0;
			defaultConfigurationName = Release;
		};
/* End XCConfigurationList section */
	};
	rootObject = 5108FBB416A87F140020589D /* Project object */;
}
