// !$*UTF8*$!
{
	archiveVersion = 1;
	classes = {
	};
	objectVersion = 46;
	objects = {

/* Begin PBXBuildFile section */
		5100D54416CD8F53004E2D5E /* Localizable.strings in Resources */ = {isa = PBXBuildFile; fileRef = 5100D54716CD8F53004E2D5E /* Localizable.strings */; };
		5100D54516CD8F53004E2D5E /* Localizable.strings in Resources */ = {isa = PBXBuildFile; fileRef = 5100D54716CD8F53004E2D5E /* Localizable.strings */; };
		5100D58516CEA406004E2D5E /* UZGHTMLRequestOperation.m in Sources */ = {isa = PBXBuildFile; fileRef = 5100D58416CEA406004E2D5E /* UZGHTMLRequestOperation.m */; };
		5100D58616CEA406004E2D5E /* UZGHTMLRequestOperation.m in Sources */ = {isa = PBXBuildFile; fileRef = 5100D58416CEA406004E2D5E /* UZGHTMLRequestOperation.m */; };
		5100D58916D05E55004E2D5E /* BREvent.m in Sources */ = {isa = PBXBuildFile; fileRef = 5100D58816D05E55004E2D5E /* BREvent.m */; };
		5100D58C16D2DD90004E2D5E /* UZGShowMediaAsset.m in Sources */ = {isa = PBXBuildFile; fileRef = 5100D58B16D2DD90004E2D5E /* UZGShowMediaAsset.m */; };
		5100D58D16D2DD90004E2D5E /* UZGShowMediaAsset.m in Sources */ = {isa = PBXBuildFile; fileRef = 5100D58B16D2DD90004E2D5E /* UZGShowMediaAsset.m */; };
		5167275416AB3B7D000C7E17 /* Foundation.framework in Frameworks */ = {isa = PBXBuildFile; fileRef = 5108FBC316A87F140020589D /* Foundation.framework */; };
		5167275516AB3B7D000C7E17 /* CoreGraphics.framework in Frameworks */ = {isa = PBXBuildFile; fileRef = 5108FBC516A87F140020589D /* CoreGraphics.framework */; };
		5167275716AB3B7D000C7E17 /* QuartzCore.framework in Frameworks */ = {isa = PBXBuildFile; fileRef = 5167275616AB3B7D000C7E17 /* QuartzCore.framework */; };
		5167277016AB3D03000C7E17 /* UIKit.framework in Frameworks */ = {isa = PBXBuildFile; fileRef = 5108FBC116A87F140020589D /* UIKit.framework */; };
		5167277116AB3D03000C7E17 /* Foundation.framework in Frameworks */ = {isa = PBXBuildFile; fileRef = 5108FBC316A87F140020589D /* Foundation.framework */; };
		5167277216AB3D03000C7E17 /* CoreGraphics.framework in Frameworks */ = {isa = PBXBuildFile; fileRef = 5108FBC516A87F140020589D /* CoreGraphics.framework */; };
		5167277816AB3D03000C7E17 /* InfoPlist.strings in Resources */ = {isa = PBXBuildFile; fileRef = 5167277616AB3D03000C7E17 /* InfoPlist.strings */; };
		5167277A16AB3D03000C7E17 /* main.m in Sources */ = {isa = PBXBuildFile; fileRef = 5167277916AB3D03000C7E17 /* main.m */; };
		5167277E16AB3D03000C7E17 /* UZGAppDelegate.m in Sources */ = {isa = PBXBuildFile; fileRef = 5167277D16AB3D03000C7E17 /* UZGAppDelegate.m */; };
		5167278016AB3D03000C7E17 /* Default.png in Resources */ = {isa = PBXBuildFile; fileRef = 5167277F16AB3D03000C7E17 /* Default.png */; };
		5167278216AB3D03000C7E17 /* Default@2x.png in Resources */ = {isa = PBXBuildFile; fileRef = 5167278116AB3D03000C7E17 /* Default@2x.png */; };
		5167278416AB3D03000C7E17 /* Default-568h@2x.png in Resources */ = {isa = PBXBuildFile; fileRef = 5167278316AB3D03000C7E17 /* Default-568h@2x.png */; };
		5167278A16AB3F56000C7E17 /* BRApplianceCategory.m in Sources */ = {isa = PBXBuildFile; fileRef = 511903ED16AAEC79006E7359 /* BRApplianceCategory.m */; };
		5167278B16AB3F56000C7E17 /* BRBaseAppliance.m in Sources */ = {isa = PBXBuildFile; fileRef = 511903EE16AAEC79006E7359 /* BRBaseAppliance.m */; };
		5167279316AB4064000C7E17 /* UZGAppliance.m in Sources */ = {isa = PBXBuildFile; fileRef = 5167278F16AB4064000C7E17 /* UZGAppliance.m */; };
		5167279516AB4078000C7E17 /* UZGAppliance.m in Sources */ = {isa = PBXBuildFile; fileRef = 5167278F16AB4064000C7E17 /* UZGAppliance.m */; };
		517C3DB116AC5F5200270F3D /* UZGEpisodeMediaAsset.m in Sources */ = {isa = PBXBuildFile; fileRef = 517C3DB016AC5F5200270F3D /* UZGEpisodeMediaAsset.m */; };
		517C3DB216AC5F5200270F3D /* UZGEpisodeMediaAsset.m in Sources */ = {isa = PBXBuildFile; fileRef = 517C3DB016AC5F5200270F3D /* UZGEpisodeMediaAsset.m */; };
		517C3DB616AC653D00270F3D /* BRBaseMediaAsset.m in Sources */ = {isa = PBXBuildFile; fileRef = 517C3DB516AC653D00270F3D /* BRBaseMediaAsset.m */; };
		517C3DB916AC663800270F3D /* BRMediaType.m in Sources */ = {isa = PBXBuildFile; fileRef = 517C3DB816AC663800270F3D /* BRMediaType.m */; };
		517C3DBC16AC688900270F3D /* BRMediaPlayerManager.m in Sources */ = {isa = PBXBuildFile; fileRef = 517C3DBB16AC688900270F3D /* BRMediaPlayerManager.m */; };
		517C3DBE16AC6A7500270F3D /* MediaPlayer.framework in Frameworks */ = {isa = PBXBuildFile; fileRef = 517C3DBD16AC6A7500270F3D /* MediaPlayer.framework */; };
		517C3DC116AC827F00270F3D /* UZGBaseListController.m in Sources */ = {isa = PBXBuildFile; fileRef = 517C3DC016AC827F00270F3D /* UZGBaseListController.m */; };
		517C3DC216AC827F00270F3D /* UZGBaseListController.m in Sources */ = {isa = PBXBuildFile; fileRef = 517C3DC016AC827F00270F3D /* UZGBaseListController.m */; };
		517C3DC516AC8F4B00270F3D /* UZGPlistStore.m in Sources */ = {isa = PBXBuildFile; fileRef = 517C3DC416AC8F4B00270F3D /* UZGPlistStore.m */; };
		517C3DC616AC8F4B00270F3D /* UZGPlistStore.m in Sources */ = {isa = PBXBuildFile; fileRef = 517C3DC416AC8F4B00270F3D /* UZGPlistStore.m */; };
		517C3DCB16ACA4D200270F3D /* InfoPlist.strings in Resources */ = {isa = PBXBuildFile; fileRef = 517C3DCD16ACA4D200270F3D /* InfoPlist.strings */; };
		517C3DD516ACA8BC00270F3D /* AppIcon.png in Resources */ = {isa = PBXBuildFile; fileRef = 517C3DD116ACA8BC00270F3D /* AppIcon.png */; };
		5199A6E116AB52950057AA02 /* BRControl.m in Sources */ = {isa = PBXBuildFile; fileRef = 5199A6DE16AB52950057AA02 /* BRControl.m */; };
		5199A6E316AB52950057AA02 /* BRImageControl.m in Sources */ = {isa = PBXBuildFile; fileRef = 5199A6DF16AB52950057AA02 /* BRImageControl.m */; };
		5199A6E616AB53660057AA02 /* BRImage.m in Sources */ = {isa = PBXBuildFile; fileRef = 5199A6E516AB53660057AA02 /* BRImage.m */; };
		5199A6E916AB53810057AA02 /* BRThemeInfo.m in Sources */ = {isa = PBXBuildFile; fileRef = 5199A6E816AB53810057AA02 /* BRThemeInfo.m */; };
		5199A6EC16AB55360057AA02 /* BRAlertController.m in Sources */ = {isa = PBXBuildFile; fileRef = 5199A6EB16AB55350057AA02 /* BRAlertController.m */; };
		5199A6F216AB5DE00057AA02 /* BRController.m in Sources */ = {isa = PBXBuildFile; fileRef = 5199A6F116AB5DDF0057AA02 /* BRController.m */; };
		5199A6F516AB5DF90057AA02 /* BRMenuController.m in Sources */ = {isa = PBXBuildFile; fileRef = 5199A6F416AB5DF90057AA02 /* BRMenuController.m */; };
		5199A6F816AB5E130057AA02 /* BRMediaMenuController.m in Sources */ = {isa = PBXBuildFile; fileRef = 5199A6F716AB5E120057AA02 /* BRMediaMenuController.m */; };
		5199A6FB16AB60870057AA02 /* UZGShowsListController.m in Sources */ = {isa = PBXBuildFile; fileRef = 5199A6FA16AB60870057AA02 /* UZGShowsListController.m */; };
		5199A6FC16AB60870057AA02 /* UZGShowsListController.m in Sources */ = {isa = PBXBuildFile; fileRef = 5199A6FA16AB60870057AA02 /* UZGShowsListController.m */; };
		5199A6FF16AB64850057AA02 /* BRListControl.m in Sources */ = {isa = PBXBuildFile; fileRef = 5199A6FE16AB64850057AA02 /* BRListControl.m */; };
		5199A70216AB693F0057AA02 /* BRMenuItem.m in Sources */ = {isa = PBXBuildFile; fileRef = 5199A70116AB693F0057AA02 /* BRMenuItem.m */; };
		5199A70316AB86080057AA02 /* UZGClient.m in Sources */ = {isa = PBXBuildFile; fileRef = 5167279216AB4064000C7E17 /* UZGClient.m */; };
		5199A70416AB86150057AA02 /* UZGClient.m in Sources */ = {isa = PBXBuildFile; fileRef = 5167279216AB4064000C7E17 /* UZGClient.m */; };
		5199A70B16AB8C630057AA02 /* UZGEpisodesListController.m in Sources */ = {isa = PBXBuildFile; fileRef = 5199A70A16AB8C630057AA02 /* UZGEpisodesListController.m */; };
		5199A70C16AB8C630057AA02 /* UZGEpisodesListController.m in Sources */ = {isa = PBXBuildFile; fileRef = 5199A70A16AB8C630057AA02 /* UZGEpisodesListController.m */; };
		5199A70F16AC0B9E0057AA02 /* BRControllerStack.m in Sources */ = {isa = PBXBuildFile; fileRef = 5199A70E16AC0B9D0057AA02 /* BRControllerStack.m */; };
		51A11A5A16B1E9BF00E3C88D /* BRMediaPlayer.m in Sources */ = {isa = PBXBuildFile; fileRef = 51A11A5916B1E9BF00E3C88D /* BRMediaPlayer.m */; };
		51D6A89F16BC0C9400E174E1 /* BRImageAndSyncingPreviewController.m in Sources */ = {isa = PBXBuildFile; fileRef = 51D6A89E16BC0C9400E174E1 /* BRImageAndSyncingPreviewController.m */; };
		51D6A8A216BC417100E174E1 /* UZGBookmarksListController.m in Sources */ = {isa = PBXBuildFile; fileRef = 51D6A8A116BC417100E174E1 /* UZGBookmarksListController.m */; };
		51D6A8A316BC417100E174E1 /* UZGBookmarksListController.m in Sources */ = {isa = PBXBuildFile; fileRef = 51D6A8A116BC417100E174E1 /* UZGBookmarksListController.m */; };
		51E10D1D16B062C20062BA19 /* BackRow.bundle in Resources */ = {isa = PBXBuildFile; fileRef = 51E10D1C16B062C20062BA19 /* BackRow.bundle */; };
		51F2F93B16D58AA700A97FDF /* UZGPaginationData.m in Sources */ = {isa = PBXBuildFile; fileRef = 51F2F93A16D58AA700A97FDF /* UZGPaginationData.m */; };
		51F2F93C16D58AA700A97FDF /* UZGPaginationData.m in Sources */ = {isa = PBXBuildFile; fileRef = 51F2F93A16D58AA700A97FDF /* UZGPaginationData.m */; };
		51F2F93F16D595A800A97FDF /* UZGBaseMediaAsset.m in Sources */ = {isa = PBXBuildFile; fileRef = 51F2F93E16D595A800A97FDF /* UZGBaseMediaAsset.m */; };
		51F2F94016D595A800A97FDF /* UZGBaseMediaAsset.m in Sources */ = {isa = PBXBuildFile; fileRef = 51F2F93E16D595A800A97FDF /* UZGBaseMediaAsset.m */; };
		51F2F94516D6D90B00A97FDF /* UZGHTMLDocument.m in Sources */ = {isa = PBXBuildFile; fileRef = 51F2F94416D6D90B00A97FDF /* UZGHTMLDocument.m */; };
		51F2F94616D6D90B00A97FDF /* UZGHTMLDocument.m in Sources */ = {isa = PBXBuildFile; fileRef = 51F2F94416D6D90B00A97FDF /* UZGHTMLDocument.m */; };
		51F2F94B16DA251A00A97FDF /* ThumbnailPlaceholder.png in Resources */ = {isa = PBXBuildFile; fileRef = 51F2F94A16DA251A00A97FDF /* ThumbnailPlaceholder.png */; };
		51F2F94C16DA251A00A97FDF /* ThumbnailPlaceholder.png in Resources */ = {isa = PBXBuildFile; fileRef = 51F2F94A16DA251A00A97FDF /* ThumbnailPlaceholder.png */; };
		51F2F94E16DA5EC700A97FDF /* eye.png in Resources */ = {isa = PBXBuildFile; fileRef = 51F2F94D16DA5EC700A97FDF /* eye.png */; };
		51F2F94F16DA5EC700A97FDF /* eye.png in Resources */ = {isa = PBXBuildFile; fileRef = 51F2F94D16DA5EC700A97FDF /* eye.png */; };
		51F2F95316DA89AE00A97FDF /* UZGMetadataPreviewControl.m in Sources */ = {isa = PBXBuildFile; fileRef = 51F2F95216DA89AE00A97FDF /* UZGMetadataPreviewControl.m */; };
		51F2F95416DA89AE00A97FDF /* UZGMetadataPreviewControl.m in Sources */ = {isa = PBXBuildFile; fileRef = 51F2F95216DA89AE00A97FDF /* UZGMetadataPreviewControl.m */; };
		A523EB3DA8864FCD85F9137E /* libPods.a in Frameworks */ = {isa = PBXBuildFile; fileRef = 6627266CC8844D5FB8D767FE /* libPods.a */; };
		DAE184609E8045A8A51BD722 /* libPods.a in Frameworks */ = {isa = PBXBuildFile; fileRef = 6627266CC8844D5FB8D767FE /* libPods.a */; };
/* End PBXBuildFile section */

/* Begin PBXFileReference section */
		35AD7A1621304CC5AED3E626 /* libPods.a */ = {isa = PBXFileReference; explicitFileType = archive.ar; includeInIndex = 0; path = libPods.a; sourceTree = BUILT_PRODUCTS_DIR; };
		5100D54616CD8F53004E2D5E /* en */ = {isa = PBXFileReference; lastKnownFileType = text.plist.strings; name = en; path = en.lproj/Localizable.strings; sourceTree = "<group>"; };
		5100D54B16CD9025004E2D5E /* nl */ = {isa = PBXFileReference; lastKnownFileType = text.plist.strings; name = nl; path = nl.lproj/InfoPlist.strings; sourceTree = "<group>"; };
		5100D54C16CD9025004E2D5E /* nl */ = {isa = PBXFileReference; lastKnownFileType = text.plist.strings; name = nl; path = nl.lproj/Localizable.strings; sourceTree = "<group>"; };
		5100D54D16CD9025004E2D5E /* nl */ = {isa = PBXFileReference; lastKnownFileType = text.plist.strings; name = nl; path = nl.lproj/InfoPlist.strings; sourceTree = "<group>"; };
		5100D58316CEA406004E2D5E /* UZGHTMLRequestOperation.h */ = {isa = PBXFileReference; fileEncoding = 4; lastKnownFileType = sourcecode.c.h; path = UZGHTMLRequestOperation.h; sourceTree = "<group>"; };
		5100D58416CEA406004E2D5E /* UZGHTMLRequestOperation.m */ = {isa = PBXFileReference; fileEncoding = 4; lastKnownFileType = sourcecode.c.objc; path = UZGHTMLRequestOperation.m; sourceTree = "<group>"; };
		5100D58816D05E55004E2D5E /* BREvent.m */ = {isa = PBXFileReference; fileEncoding = 4; lastKnownFileType = sourcecode.c.objc; path = BREvent.m; sourceTree = "<group>"; };
		5100D58A16D2DD90004E2D5E /* UZGShowMediaAsset.h */ = {isa = PBXFileReference; fileEncoding = 4; lastKnownFileType = sourcecode.c.h; path = UZGShowMediaAsset.h; sourceTree = "<group>"; };
		5100D58B16D2DD90004E2D5E /* UZGShowMediaAsset.m */ = {isa = PBXFileReference; fileEncoding = 4; lastKnownFileType = sourcecode.c.objc; path = UZGShowMediaAsset.m; sourceTree = "<group>"; };
		5108FBC116A87F140020589D /* UIKit.framework */ = {isa = PBXFileReference; lastKnownFileType = wrapper.framework; name = UIKit.framework; path = System/Library/Frameworks/UIKit.framework; sourceTree = SDKROOT; };
		5108FBC316A87F140020589D /* Foundation.framework */ = {isa = PBXFileReference; lastKnownFileType = wrapper.framework; name = Foundation.framework; path = System/Library/Frameworks/Foundation.framework; sourceTree = SDKROOT; };
		5108FBC516A87F140020589D /* CoreGraphics.framework */ = {isa = PBXFileReference; lastKnownFileType = wrapper.framework; name = CoreGraphics.framework; path = System/Library/Frameworks/CoreGraphics.framework; sourceTree = SDKROOT; };
		511903ED16AAEC79006E7359 /* BRApplianceCategory.m */ = {isa = PBXFileReference; fileEncoding = 4; lastKnownFileType = sourcecode.c.objc; path = BRApplianceCategory.m; sourceTree = "<group>"; };
		511903EE16AAEC79006E7359 /* BRBaseAppliance.m */ = {isa = PBXFileReference; fileEncoding = 4; lastKnownFileType = sourcecode.c.objc; path = BRBaseAppliance.m; sourceTree = "<group>"; };
		5167275316AB3B7D000C7E17 /* Gemist.frappliance */ = {isa = PBXFileReference; explicitFileType = wrapper.cfbundle; includeInIndex = 0; path = Gemist.frappliance; sourceTree = BUILT_PRODUCTS_DIR; };
		5167275616AB3B7D000C7E17 /* QuartzCore.framework */ = {isa = PBXFileReference; lastKnownFileType = wrapper.framework; name = QuartzCore.framework; path = System/Library/Frameworks/QuartzCore.framework; sourceTree = SDKROOT; };
		5167275A16AB3B7D000C7E17 /* Gemist-Info.plist */ = {isa = PBXFileReference; lastKnownFileType = text.plist.xml; path = "Gemist-Info.plist"; sourceTree = "<group>"; };
		5167275E16AB3B7D000C7E17 /* Gemist-Prefix.pch */ = {isa = PBXFileReference; lastKnownFileType = sourcecode.c.h; path = "Gemist-Prefix.pch"; sourceTree = "<group>"; };
		5167276E16AB3D02000C7E17 /* Gemist-Sim.app */ = {isa = PBXFileReference; explicitFileType = wrapper.application; includeInIndex = 0; path = "Gemist-Sim.app"; sourceTree = BUILT_PRODUCTS_DIR; };
		5167277516AB3D03000C7E17 /* Gemist-Sim-Info.plist */ = {isa = PBXFileReference; lastKnownFileType = text.plist.xml; path = "Gemist-Sim-Info.plist"; sourceTree = "<group>"; };
		5167277716AB3D03000C7E17 /* en */ = {isa = PBXFileReference; lastKnownFileType = text.plist.strings; name = en; path = en.lproj/InfoPlist.strings; sourceTree = "<group>"; };
		5167277916AB3D03000C7E17 /* main.m */ = {isa = PBXFileReference; lastKnownFileType = sourcecode.c.objc; path = main.m; sourceTree = "<group>"; };
		5167277B16AB3D03000C7E17 /* Gemist-Sim-Prefix.pch */ = {isa = PBXFileReference; lastKnownFileType = sourcecode.c.h; path = "Gemist-Sim-Prefix.pch"; sourceTree = "<group>"; };
		5167277C16AB3D03000C7E17 /* UZGAppDelegate.h */ = {isa = PBXFileReference; lastKnownFileType = sourcecode.c.h; path = UZGAppDelegate.h; sourceTree = "<group>"; };
		5167277D16AB3D03000C7E17 /* UZGAppDelegate.m */ = {isa = PBXFileReference; lastKnownFileType = sourcecode.c.objc; path = UZGAppDelegate.m; sourceTree = "<group>"; };
		5167277F16AB3D03000C7E17 /* Default.png */ = {isa = PBXFileReference; lastKnownFileType = image.png; path = Default.png; sourceTree = "<group>"; };
		5167278116AB3D03000C7E17 /* Default@2x.png */ = {isa = PBXFileReference; lastKnownFileType = image.png; path = "Default@2x.png"; sourceTree = "<group>"; };
		5167278316AB3D03000C7E17 /* Default-568h@2x.png */ = {isa = PBXFileReference; lastKnownFileType = image.png; path = "Default-568h@2x.png"; sourceTree = "<group>"; };
		5167278E16AB4064000C7E17 /* UZGAppliance.h */ = {isa = PBXFileReference; fileEncoding = 4; lastKnownFileType = sourcecode.c.h; path = UZGAppliance.h; sourceTree = "<group>"; };
		5167278F16AB4064000C7E17 /* UZGAppliance.m */ = {isa = PBXFileReference; fileEncoding = 4; lastKnownFileType = sourcecode.c.objc; path = UZGAppliance.m; sourceTree = "<group>"; };
		5167279116AB4064000C7E17 /* UZGClient.h */ = {isa = PBXFileReference; fileEncoding = 4; lastKnownFileType = sourcecode.c.h; name = UZGClient.h; path = Gemist/App/Models/UZGClient/UZGClient.h; sourceTree = SOURCE_ROOT; };
		5167279216AB4064000C7E17 /* UZGClient.m */ = {isa = PBXFileReference; fileEncoding = 4; lastKnownFileType = sourcecode.c.objc; name = UZGClient.m; path = Gemist/App/Models/UZGClient/UZGClient.m; sourceTree = SOURCE_ROOT; };
		517C3DAF16AC5F5200270F3D /* UZGEpisodeMediaAsset.h */ = {isa = PBXFileReference; fileEncoding = 4; lastKnownFileType = sourcecode.c.h; path = UZGEpisodeMediaAsset.h; sourceTree = "<group>"; };
		517C3DB016AC5F5200270F3D /* UZGEpisodeMediaAsset.m */ = {isa = PBXFileReference; fileEncoding = 4; lastKnownFileType = sourcecode.c.objc; path = UZGEpisodeMediaAsset.m; sourceTree = "<group>"; };
		517C3DB516AC653D00270F3D /* BRBaseMediaAsset.m */ = {isa = PBXFileReference; fileEncoding = 4; lastKnownFileType = sourcecode.c.objc; path = BRBaseMediaAsset.m; sourceTree = "<group>"; };
		517C3DB816AC663800270F3D /* BRMediaType.m */ = {isa = PBXFileReference; fileEncoding = 4; lastKnownFileType = sourcecode.c.objc; path = BRMediaType.m; sourceTree = "<group>"; };
		517C3DBB16AC688900270F3D /* BRMediaPlayerManager.m */ = {isa = PBXFileReference; fileEncoding = 4; lastKnownFileType = sourcecode.c.objc; path = BRMediaPlayerManager.m; sourceTree = "<group>"; };
		517C3DBD16AC6A7500270F3D /* MediaPlayer.framework */ = {isa = PBXFileReference; lastKnownFileType = wrapper.framework; name = MediaPlayer.framework; path = System/Library/Frameworks/MediaPlayer.framework; sourceTree = SDKROOT; };
		517C3DBF16AC827F00270F3D /* UZGBaseListController.h */ = {isa = PBXFileReference; fileEncoding = 4; lastKnownFileType = sourcecode.c.h; path = UZGBaseListController.h; sourceTree = "<group>"; };
		517C3DC016AC827F00270F3D /* UZGBaseListController.m */ = {isa = PBXFileReference; fileEncoding = 4; lastKnownFileType = sourcecode.c.objc; path = UZGBaseListController.m; sourceTree = "<group>"; };
		517C3DC316AC8F4B00270F3D /* UZGPlistStore.h */ = {isa = PBXFileReference; fileEncoding = 4; lastKnownFileType = sourcecode.c.h; path = UZGPlistStore.h; sourceTree = "<group>"; };
		517C3DC416AC8F4B00270F3D /* UZGPlistStore.m */ = {isa = PBXFileReference; fileEncoding = 4; lastKnownFileType = sourcecode.c.objc; path = UZGPlistStore.m; sourceTree = "<group>"; };
		517C3DCC16ACA4D200270F3D /* en */ = {isa = PBXFileReference; lastKnownFileType = text.plist.strings; name = en; path = en.lproj/InfoPlist.strings; sourceTree = "<group>"; };
		517C3DD116ACA8BC00270F3D /* AppIcon.png */ = {isa = PBXFileReference; lastKnownFileType = image.png; path = AppIcon.png; sourceTree = "<group>"; };
		5199A6C916AB42D90057AA02 /* Pods.xcconfig */ = {isa = PBXFileReference; lastKnownFileType = text.xcconfig; name = Pods.xcconfig; path = Pods/Pods.xcconfig; sourceTree = "<group>"; };
		5199A6DE16AB52950057AA02 /* BRControl.m */ = {isa = PBXFileReference; fileEncoding = 4; lastKnownFileType = sourcecode.c.objc; path = BRControl.m; sourceTree = "<group>"; };
		5199A6DF16AB52950057AA02 /* BRImageControl.m */ = {isa = PBXFileReference; fileEncoding = 4; lastKnownFileType = sourcecode.c.objc; path = BRImageControl.m; sourceTree = "<group>"; };
		5199A6E516AB53660057AA02 /* BRImage.m */ = {isa = PBXFileReference; fileEncoding = 4; lastKnownFileType = sourcecode.c.objc; path = BRImage.m; sourceTree = "<group>"; };
		5199A6E816AB53810057AA02 /* BRThemeInfo.m */ = {isa = PBXFileReference; fileEncoding = 4; lastKnownFileType = sourcecode.c.objc; path = BRThemeInfo.m; sourceTree = "<group>"; };
		5199A6EB16AB55350057AA02 /* BRAlertController.m */ = {isa = PBXFileReference; fileEncoding = 4; lastKnownFileType = sourcecode.c.objc; path = BRAlertController.m; sourceTree = "<group>"; };
		5199A6F116AB5DDF0057AA02 /* BRController.m */ = {isa = PBXFileReference; fileEncoding = 4; lastKnownFileType = sourcecode.c.objc; path = BRController.m; sourceTree = "<group>"; };
		5199A6F416AB5DF90057AA02 /* BRMenuController.m */ = {isa = PBXFileReference; fileEncoding = 4; lastKnownFileType = sourcecode.c.objc; path = BRMenuController.m; sourceTree = "<group>"; };
		5199A6F716AB5E120057AA02 /* BRMediaMenuController.m */ = {isa = PBXFileReference; fileEncoding = 4; lastKnownFileType = sourcecode.c.objc; path = BRMediaMenuController.m; sourceTree = "<group>"; };
		5199A6F916AB60870057AA02 /* UZGShowsListController.h */ = {isa = PBXFileReference; fileEncoding = 4; lastKnownFileType = sourcecode.c.h; path = UZGShowsListController.h; sourceTree = "<group>"; };
		5199A6FA16AB60870057AA02 /* UZGShowsListController.m */ = {isa = PBXFileReference; fileEncoding = 4; lastKnownFileType = sourcecode.c.objc; path = UZGShowsListController.m; sourceTree = "<group>"; };
		5199A6FE16AB64850057AA02 /* BRListControl.m */ = {isa = PBXFileReference; fileEncoding = 4; lastKnownFileType = sourcecode.c.objc; path = BRListControl.m; sourceTree = "<group>"; };
		5199A70116AB693F0057AA02 /* BRMenuItem.m */ = {isa = PBXFileReference; fileEncoding = 4; lastKnownFileType = sourcecode.c.objc; path = BRMenuItem.m; sourceTree = "<group>"; };
		5199A70916AB8C630057AA02 /* UZGEpisodesListController.h */ = {isa = PBXFileReference; fileEncoding = 4; lastKnownFileType = sourcecode.c.h; path = UZGEpisodesListController.h; sourceTree = "<group>"; };
		5199A70A16AB8C630057AA02 /* UZGEpisodesListController.m */ = {isa = PBXFileReference; fileEncoding = 4; lastKnownFileType = sourcecode.c.objc; path = UZGEpisodesListController.m; sourceTree = "<group>"; };
		5199A70E16AC0B9D0057AA02 /* BRControllerStack.m */ = {isa = PBXFileReference; fileEncoding = 4; lastKnownFileType = sourcecode.c.objc; path = BRControllerStack.m; sourceTree = "<group>"; };
		51A11A5916B1E9BF00E3C88D /* BRMediaPlayer.m */ = {isa = PBXFileReference; fileEncoding = 4; lastKnownFileType = sourcecode.c.objc; path = BRMediaPlayer.m; sourceTree = "<group>"; };
		51D6A89E16BC0C9400E174E1 /* BRImageAndSyncingPreviewController.m */ = {isa = PBXFileReference; fileEncoding = 4; lastKnownFileType = sourcecode.c.objc; path = BRImageAndSyncingPreviewController.m; sourceTree = "<group>"; };
		51D6A8A016BC417100E174E1 /* UZGBookmarksListController.h */ = {isa = PBXFileReference; fileEncoding = 4; lastKnownFileType = sourcecode.c.h; path = UZGBookmarksListController.h; sourceTree = "<group>"; };
		51D6A8A116BC417100E174E1 /* UZGBookmarksListController.m */ = {isa = PBXFileReference; fileEncoding = 4; lastKnownFileType = sourcecode.c.objc; path = UZGBookmarksListController.m; sourceTree = "<group>"; };
		51E10D1C16B062C20062BA19 /* BackRow.bundle */ = {isa = PBXFileReference; lastKnownFileType = "wrapper.plug-in"; name = BackRow.bundle; path = BackRow/Simulator/resources/BackRow.bundle; sourceTree = SOURCE_ROOT; };
		51F2F93916D58AA700A97FDF /* UZGPaginationData.h */ = {isa = PBXFileReference; fileEncoding = 4; lastKnownFileType = sourcecode.c.h; path = UZGPaginationData.h; sourceTree = "<group>"; };
		51F2F93A16D58AA700A97FDF /* UZGPaginationData.m */ = {isa = PBXFileReference; fileEncoding = 4; lastKnownFileType = sourcecode.c.objc; path = UZGPaginationData.m; sourceTree = "<group>"; };
		51F2F93D16D595A800A97FDF /* UZGBaseMediaAsset.h */ = {isa = PBXFileReference; fileEncoding = 4; lastKnownFileType = sourcecode.c.h; path = UZGBaseMediaAsset.h; sourceTree = "<group>"; };
		51F2F93E16D595A800A97FDF /* UZGBaseMediaAsset.m */ = {isa = PBXFileReference; fileEncoding = 4; lastKnownFileType = sourcecode.c.objc; path = UZGBaseMediaAsset.m; sourceTree = "<group>"; };
		51F2F94316D6D90B00A97FDF /* UZGHTMLDocument.h */ = {isa = PBXFileReference; fileEncoding = 4; lastKnownFileType = sourcecode.c.h; path = UZGHTMLDocument.h; sourceTree = "<group>"; };
		51F2F94416D6D90B00A97FDF /* UZGHTMLDocument.m */ = {isa = PBXFileReference; fileEncoding = 4; lastKnownFileType = sourcecode.c.objc; path = UZGHTMLDocument.m; sourceTree = "<group>"; };
		51F2F94A16DA251A00A97FDF /* ThumbnailPlaceholder.png */ = {isa = PBXFileReference; lastKnownFileType = image.png; path = ThumbnailPlaceholder.png; sourceTree = "<group>"; };
		51F2F94D16DA5EC700A97FDF /* eye.png */ = {isa = PBXFileReference; lastKnownFileType = image.png; path = eye.png; sourceTree = "<group>"; };
		51F2F95116DA89AE00A97FDF /* UZGMetadataPreviewControl.h */ = {isa = PBXFileReference; fileEncoding = 4; lastKnownFileType = sourcecode.c.h; path = UZGMetadataPreviewControl.h; sourceTree = "<group>"; };
		51F2F95216DA89AE00A97FDF /* UZGMetadataPreviewControl.m */ = {isa = PBXFileReference; fileEncoding = 4; lastKnownFileType = sourcecode.c.objc; path = UZGMetadataPreviewControl.m; sourceTree = "<group>"; };
		6627266CC8844D5FB8D767FE /* libPods.a */ = {isa = PBXFileReference; explicitFileType = archive.ar; includeInIndex = 0; path = libPods.a; sourceTree = BUILT_PRODUCTS_DIR; };
/* End PBXFileReference section */

/* Begin PBXFrameworksBuildPhase section */
		5167274F16AB3B7D000C7E17 /* Frameworks */ = {
			isa = PBXFrameworksBuildPhase;
			buildActionMask = 2147483647;
			files = (
				5167275416AB3B7D000C7E17 /* Foundation.framework in Frameworks */,
				5167275516AB3B7D000C7E17 /* CoreGraphics.framework in Frameworks */,
				5167275716AB3B7D000C7E17 /* QuartzCore.framework in Frameworks */,
				DAE184609E8045A8A51BD722 /* libPods.a in Frameworks */,
			);
			runOnlyForDeploymentPostprocessing = 0;
		};
		5167276B16AB3D02000C7E17 /* Frameworks */ = {
			isa = PBXFrameworksBuildPhase;
			buildActionMask = 2147483647;
			files = (
				517C3DBE16AC6A7500270F3D /* MediaPlayer.framework in Frameworks */,
				5167277016AB3D03000C7E17 /* UIKit.framework in Frameworks */,
				5167277116AB3D03000C7E17 /* Foundation.framework in Frameworks */,
				5167277216AB3D03000C7E17 /* CoreGraphics.framework in Frameworks */,
				A523EB3DA8864FCD85F9137E /* libPods.a in Frameworks */,
			);
			runOnlyForDeploymentPostprocessing = 0;
		};
/* End PBXFrameworksBuildPhase section */

/* Begin PBXGroup section */
		5108FBB216A87F140020589D = {
			isa = PBXGroup;
			children = (
				5119020416AAEC78006E7359 /* BackRow */,
				5167275816AB3B7D000C7E17 /* Gemist */,
				5167277316AB3D03000C7E17 /* Gemist-Sim */,
				5108FBC016A87F140020589D /* Frameworks */,
				5108FBBE16A87F140020589D /* Products */,
			);
			sourceTree = "<group>";
		};
		5108FBBE16A87F140020589D /* Products */ = {
			isa = PBXGroup;
			children = (
				5167275316AB3B7D000C7E17 /* Gemist.frappliance */,
				5167276E16AB3D02000C7E17 /* Gemist-Sim.app */,
			);
			name = Products;
			sourceTree = "<group>";
		};
		5108FBC016A87F140020589D /* Frameworks */ = {
			isa = PBXGroup;
			children = (
				517C3DBD16AC6A7500270F3D /* MediaPlayer.framework */,
				5199A6C916AB42D90057AA02 /* Pods.xcconfig */,
				5108FBC116A87F140020589D /* UIKit.framework */,
				5108FBC316A87F140020589D /* Foundation.framework */,
				5108FBC516A87F140020589D /* CoreGraphics.framework */,
				35AD7A1621304CC5AED3E626 /* libPods.a */,
				5167275616AB3B7D000C7E17 /* QuartzCore.framework */,
				6627266CC8844D5FB8D767FE /* libPods.a */,
			);
			name = Frameworks;
			sourceTree = "<group>";
		};
		5119020416AAEC78006E7359 /* BackRow */ = {
			isa = PBXGroup;
			children = (
				511903E816AAEC79006E7359 /* Simulator */,
			);
			path = BackRow;
			sourceTree = "<group>";
		};
		511903E816AAEC79006E7359 /* Simulator */ = {
			isa = PBXGroup;
			children = (
				511903EC16AAEC79006E7359 /* src */,
			);
			path = Simulator;
			sourceTree = "<group>";
		};
		511903EC16AAEC79006E7359 /* src */ = {
			isa = PBXGroup;
			children = (
				511903ED16AAEC79006E7359 /* BRApplianceCategory.m */,
				511903EE16AAEC79006E7359 /* BRBaseAppliance.m */,
				5199A6DE16AB52950057AA02 /* BRControl.m */,
				5199A6DF16AB52950057AA02 /* BRImageControl.m */,
				5199A6E816AB53810057AA02 /* BRThemeInfo.m */,
				5199A6E516AB53660057AA02 /* BRImage.m */,
				5199A6EB16AB55350057AA02 /* BRAlertController.m */,
				5199A6F116AB5DDF0057AA02 /* BRController.m */,
				5199A6F416AB5DF90057AA02 /* BRMenuController.m */,
				5199A6F716AB5E120057AA02 /* BRMediaMenuController.m */,
				5199A6FE16AB64850057AA02 /* BRListControl.m */,
				5199A70116AB693F0057AA02 /* BRMenuItem.m */,
				5199A70E16AC0B9D0057AA02 /* BRControllerStack.m */,
				517C3DB516AC653D00270F3D /* BRBaseMediaAsset.m */,
				517C3DB816AC663800270F3D /* BRMediaType.m */,
				517C3DBB16AC688900270F3D /* BRMediaPlayerManager.m */,
				51A11A5916B1E9BF00E3C88D /* BRMediaPlayer.m */,
				51D6A89E16BC0C9400E174E1 /* BRImageAndSyncingPreviewController.m */,
				5100D58816D05E55004E2D5E /* BREvent.m */,
			);
			path = src;
			sourceTree = "<group>";
		};
		5167275816AB3B7D000C7E17 /* Gemist */ = {
			isa = PBXGroup;
			children = (
				517C3DCE16ACA8BC00270F3D /* Resources */,
				5167278C16AB4064000C7E17 /* App */,
				5167275916AB3B7D000C7E17 /* Supporting Files */,
			);
			path = Gemist;
			sourceTree = "<group>";
		};
		5167275916AB3B7D000C7E17 /* Supporting Files */ = {
			isa = PBXGroup;
			children = (
				5167275A16AB3B7D000C7E17 /* Gemist-Info.plist */,
				5167275E16AB3B7D000C7E17 /* Gemist-Prefix.pch */,
				517C3DCD16ACA4D200270F3D /* InfoPlist.strings */,
				5100D54716CD8F53004E2D5E /* Localizable.strings */,
			);
			name = "Supporting Files";
			sourceTree = "<group>";
		};
		5167277316AB3D03000C7E17 /* Gemist-Sim */ = {
			isa = PBXGroup;
			children = (
				5167277C16AB3D03000C7E17 /* UZGAppDelegate.h */,
				5167277D16AB3D03000C7E17 /* UZGAppDelegate.m */,
				5167277416AB3D03000C7E17 /* Supporting Files */,
			);
			path = "Gemist-Sim";
			sourceTree = "<group>";
		};
		5167277416AB3D03000C7E17 /* Supporting Files */ = {
			isa = PBXGroup;
			children = (
				51E10D1C16B062C20062BA19 /* BackRow.bundle */,
				5167277516AB3D03000C7E17 /* Gemist-Sim-Info.plist */,
				5167277616AB3D03000C7E17 /* InfoPlist.strings */,
				5167277916AB3D03000C7E17 /* main.m */,
				5167277B16AB3D03000C7E17 /* Gemist-Sim-Prefix.pch */,
				5167277F16AB3D03000C7E17 /* Default.png */,
				5167278116AB3D03000C7E17 /* Default@2x.png */,
				5167278316AB3D03000C7E17 /* Default-568h@2x.png */,
			);
			name = "Supporting Files";
			sourceTree = "<group>";
		};
		5167278C16AB4064000C7E17 /* App */ = {
			isa = PBXGroup;
			children = (
				5167278D16AB4064000C7E17 /* Controllers */,
				5167279016AB4064000C7E17 /* Models */,
				51F2F95016DA898A00A97FDF /* Views */,
			);
			path = App;
			sourceTree = "<group>";
		};
		5167278D16AB4064000C7E17 /* Controllers */ = {
			isa = PBXGroup;
			children = (
				5167278E16AB4064000C7E17 /* UZGAppliance.h */,
				5167278F16AB4064000C7E17 /* UZGAppliance.m */,
				517C3DBF16AC827F00270F3D /* UZGBaseListController.h */,
				517C3DC016AC827F00270F3D /* UZGBaseListController.m */,
				51D6A8A016BC417100E174E1 /* UZGBookmarksListController.h */,
				51D6A8A116BC417100E174E1 /* UZGBookmarksListController.m */,
				5199A70916AB8C630057AA02 /* UZGEpisodesListController.h */,
				5199A70A16AB8C630057AA02 /* UZGEpisodesListController.m */,
				5199A6F916AB60870057AA02 /* UZGShowsListController.h */,
				5199A6FA16AB60870057AA02 /* UZGShowsListController.m */,
			);
			path = Controllers;
			sourceTree = "<group>";
		};
		5167279016AB4064000C7E17 /* Models */ = {
			isa = PBXGroup;
			children = (
				51F2F94116D6D4E800A97FDF /* Assets */,
				51F2F94216D6D4E900A97FDF /* UZGClient */,
				517C3DC316AC8F4B00270F3D /* UZGPlistStore.h */,
				517C3DC416AC8F4B00270F3D /* UZGPlistStore.m */,
			);
			path = Models;
			sourceTree = "<group>";
		};
		517C3DCE16ACA8BC00270F3D /* Resources */ = {
			isa = PBXGroup;
			children = (
				51F2F94D16DA5EC700A97FDF /* eye.png */,
				51F2F94A16DA251A00A97FDF /* ThumbnailPlaceholder.png */,
				517C3DD116ACA8BC00270F3D /* AppIcon.png */,
			);
			path = Resources;
			sourceTree = SOURCE_ROOT;
		};
		51F2F94116D6D4E800A97FDF /* Assets */ = {
			isa = PBXGroup;
			children = (
				51F2F93D16D595A800A97FDF /* UZGBaseMediaAsset.h */,
				51F2F93E16D595A800A97FDF /* UZGBaseMediaAsset.m */,
				517C3DAF16AC5F5200270F3D /* UZGEpisodeMediaAsset.h */,
				517C3DB016AC5F5200270F3D /* UZGEpisodeMediaAsset.m */,
				5100D58A16D2DD90004E2D5E /* UZGShowMediaAsset.h */,
				5100D58B16D2DD90004E2D5E /* UZGShowMediaAsset.m */,
			);
			path = Assets;
			sourceTree = "<group>";
		};
		51F2F94216D6D4E900A97FDF /* UZGClient */ = {
			isa = PBXGroup;
			children = (
				5167279116AB4064000C7E17 /* UZGClient.h */,
				5167279216AB4064000C7E17 /* UZGClient.m */,
				5100D58316CEA406004E2D5E /* UZGHTMLRequestOperation.h */,
				5100D58416CEA406004E2D5E /* UZGHTMLRequestOperation.m */,
				51F2F93916D58AA700A97FDF /* UZGPaginationData.h */,
				51F2F93A16D58AA700A97FDF /* UZGPaginationData.m */,
				51F2F94316D6D90B00A97FDF /* UZGHTMLDocument.h */,
				51F2F94416D6D90B00A97FDF /* UZGHTMLDocument.m */,
			);
			path = UZGClient;
			sourceTree = "<group>";
		};
		51F2F95016DA898A00A97FDF /* Views */ = {
			isa = PBXGroup;
			children = (
				51F2F95116DA89AE00A97FDF /* UZGMetadataPreviewControl.h */,
				51F2F95216DA89AE00A97FDF /* UZGMetadataPreviewControl.m */,
			);
			path = Views;
			sourceTree = "<group>";
		};
/* End PBXGroup section */

/* Begin PBXNativeTarget section */
		5167275216AB3B7D000C7E17 /* Gemist */ = {
			isa = PBXNativeTarget;
			buildConfigurationList = 5167276116AB3B7D000C7E17 /* Build configuration list for PBXNativeTarget "Gemist" */;
			buildPhases = (
				5167274E16AB3B7D000C7E17 /* Sources */,
				5167274F16AB3B7D000C7E17 /* Frameworks */,
				5167275016AB3B7D000C7E17 /* Resources */,
				A95187666B404D67A1813070 /* Copy Pods Resources */,
				5100D54E16CD9453004E2D5E /* ShellScript */,
				5167275116AB3B7D000C7E17 /* ShellScript */,
			);
			buildRules = (
			);
			dependencies = (
			);
			name = Gemist;
			productName = Gemist;
			productReference = 5167275316AB3B7D000C7E17 /* Gemist.frappliance */;
			productType = "com.apple.product-type.bundle";
		};
		5167276D16AB3D02000C7E17 /* Gemist-Sim */ = {
			isa = PBXNativeTarget;
			buildConfigurationList = 5167278716AB3D03000C7E17 /* Build configuration list for PBXNativeTarget "Gemist-Sim" */;
			buildPhases = (
				5167276A16AB3D02000C7E17 /* Sources */,
				5167276B16AB3D02000C7E17 /* Frameworks */,
				5167276C16AB3D02000C7E17 /* Resources */,
				09D2FF4F21E649B58C4D672E /* Copy Pods Resources */,
			);
			buildRules = (
			);
			dependencies = (
			);
			name = "Gemist-Sim";
			productName = "Gemist-Sim";
			productReference = 5167276E16AB3D02000C7E17 /* Gemist-Sim.app */;
			productType = "com.apple.product-type.application";
		};
/* End PBXNativeTarget section */

/* Begin PBXProject section */
		5108FBB416A87F140020589D /* Project object */ = {
			isa = PBXProject;
			attributes = {
				CLASSPREFIX = UZG;
				LastUpgradeCheck = 0450;
				ORGANIZATIONNAME = SuperAlloy;
			};
			buildConfigurationList = 5108FBB716A87F140020589D /* Build configuration list for PBXProject "UitzendingGemist" */;
			compatibilityVersion = "Xcode 3.2";
			developmentRegion = English;
			hasScannedForEncodings = 0;
			knownRegions = (
				en,
				nl,
			);
			mainGroup = 5108FBB216A87F140020589D;
			productRefGroup = 5108FBBE16A87F140020589D /* Products */;
			projectDirPath = "";
			projectRoot = "";
			targets = (
				5167275216AB3B7D000C7E17 /* Gemist */,
				5167276D16AB3D02000C7E17 /* Gemist-Sim */,
			);
		};
/* End PBXProject section */

/* Begin PBXResourcesBuildPhase section */
		5167275016AB3B7D000C7E17 /* Resources */ = {
			isa = PBXResourcesBuildPhase;
			buildActionMask = 2147483647;
			files = (
				517C3DCB16ACA4D200270F3D /* InfoPlist.strings in Resources */,
				517C3DD516ACA8BC00270F3D /* AppIcon.png in Resources */,
				5100D54416CD8F53004E2D5E /* Localizable.strings in Resources */,
				51F2F94B16DA251A00A97FDF /* ThumbnailPlaceholder.png in Resources */,
				51F2F94E16DA5EC700A97FDF /* eye.png in Resources */,
			);
			runOnlyForDeploymentPostprocessing = 0;
		};
		5167276C16AB3D02000C7E17 /* Resources */ = {
			isa = PBXResourcesBuildPhase;
			buildActionMask = 2147483647;
			files = (
				5167277816AB3D03000C7E17 /* InfoPlist.strings in Resources */,
				5167278016AB3D03000C7E17 /* Default.png in Resources */,
				5167278216AB3D03000C7E17 /* Default@2x.png in Resources */,
				5167278416AB3D03000C7E17 /* Default-568h@2x.png in Resources */,
				51E10D1D16B062C20062BA19 /* BackRow.bundle in Resources */,
				5100D54516CD8F53004E2D5E /* Localizable.strings in Resources */,
				51F2F94C16DA251A00A97FDF /* ThumbnailPlaceholder.png in Resources */,
				51F2F94F16DA5EC700A97FDF /* eye.png in Resources */,
			);
			runOnlyForDeploymentPostprocessing = 0;
		};
/* End PBXResourcesBuildPhase section */

/* Begin PBXShellScriptBuildPhase section */
		09D2FF4F21E649B58C4D672E /* Copy Pods Resources */ = {
			isa = PBXShellScriptBuildPhase;
			buildActionMask = 2147483647;
			files = (
			);
			inputPaths = (
			);
			name = "Copy Pods Resources";
			outputPaths = (
			);
			runOnlyForDeploymentPostprocessing = 0;
			shellPath = /bin/sh;
			shellScript = "\"${SRCROOT}/Pods/Pods-resources.sh\"\n";
		};
		5100D54E16CD9453004E2D5E /* ShellScript */ = {
			isa = PBXShellScriptBuildPhase;
			buildActionMask = 2147483647;
			files = (
			);
			inputPaths = (
			);
			outputPaths = (
			);
			runOnlyForDeploymentPostprocessing = 0;
			shellPath = /bin/sh;
			shellScript = "cd ${CONFIGURATION_BUILD_DIR}\nrm -rf ${EXECUTABLE_FOLDER_PATH}/English.lproj\nrm -rf ${EXECUTABLE_FOLDER_PATH}/Dutch.lproj\nmv ${EXECUTABLE_FOLDER_PATH}/en.lproj ${EXECUTABLE_FOLDER_PATH}/English.lproj\nmv ${EXECUTABLE_FOLDER_PATH}/nl.lproj ${EXECUTABLE_FOLDER_PATH}/Dutch.lproj";
		};
		5167275116AB3B7D000C7E17 /* ShellScript */ = {
			isa = PBXShellScriptBuildPhase;
			buildActionMask = 2147483647;
			files = (
			);
			inputPaths = (
			);
			outputPaths = (
			);
			runOnlyForDeploymentPostprocessing = 0;
			shellPath = /bin/sh;
			shellScript = "cd ${CONFIGURATION_BUILD_DIR}\ntar -cvzf ${EXECUTABLE_FOLDER_PATH}.tar.gz ${EXECUTABLE_FOLDER_PATH}\n\nmv ${EXECUTABLE_FOLDER_PATH}.tar.gz ${PROJECT_DIR}/${EXECUTABLE_FOLDER_PATH}.tar.gz\n\ncd ${PROJECT_DIR}\n\nscp ${EXECUTABLE_FOLDER_PATH}.tar.gz \"${ATV_SSH_USER}@${ATV_ADDRESS}:${ATV_APPLIANCE_INSTALL_PATH}/${EXECUTABLE_FOLDER_PATH}.tar.gz\"\n\nssh ${ATV_SSH_USER}@${ATV_ADDRESS} \"cd ${ATV_APPLIANCE_INSTALL_PATH}; tar -xvzf ${ATV_APPLIANCE_INSTALL_PATH}/${EXECUTABLE_FOLDER_PATH}.tar.gz; rm ${EXECUTABLE_FOLDER_PATH}.tar.gz; killall -9 AppleTV\"";
		};
		A95187666B404D67A1813070 /* Copy Pods Resources */ = {
			isa = PBXShellScriptBuildPhase;
			buildActionMask = 2147483647;
			files = (
			);
			inputPaths = (
			);
			name = "Copy Pods Resources";
			outputPaths = (
			);
			runOnlyForDeploymentPostprocessing = 0;
			shellPath = /bin/sh;
			shellScript = "\"${SRCROOT}/Pods/Pods-resources.sh\"\n";
		};
/* End PBXShellScriptBuildPhase section */

/* Begin PBXSourcesBuildPhase section */
		5167274E16AB3B7D000C7E17 /* Sources */ = {
			isa = PBXSourcesBuildPhase;
			buildActionMask = 2147483647;
			files = (
				5199A70416AB86150057AA02 /* UZGClient.m in Sources */,
				5167279316AB4064000C7E17 /* UZGAppliance.m in Sources */,
				5199A6FB16AB60870057AA02 /* UZGShowsListController.m in Sources */,
				5199A70B16AB8C630057AA02 /* UZGEpisodesListController.m in Sources */,
				517C3DB116AC5F5200270F3D /* UZGEpisodeMediaAsset.m in Sources */,
				517C3DC116AC827F00270F3D /* UZGBaseListController.m in Sources */,
				517C3DC516AC8F4B00270F3D /* UZGPlistStore.m in Sources */,
				51D6A8A216BC417100E174E1 /* UZGBookmarksListController.m in Sources */,
				5100D58516CEA406004E2D5E /* UZGHTMLRequestOperation.m in Sources */,
				5100D58C16D2DD90004E2D5E /* UZGShowMediaAsset.m in Sources */,
				51F2F93B16D58AA700A97FDF /* UZGPaginationData.m in Sources */,
				51F2F93F16D595A800A97FDF /* UZGBaseMediaAsset.m in Sources */,
				51F2F94516D6D90B00A97FDF /* UZGHTMLDocument.m in Sources */,
				51F2F95316DA89AE00A97FDF /* UZGMetadataPreviewControl.m in Sources */,
			);
			runOnlyForDeploymentPostprocessing = 0;
		};
		5167276A16AB3D02000C7E17 /* Sources */ = {
			isa = PBXSourcesBuildPhase;
			buildActionMask = 2147483647;
			files = (
				5199A70316AB86080057AA02 /* UZGClient.m in Sources */,
				5167279516AB4078000C7E17 /* UZGAppliance.m in Sources */,
				5167277A16AB3D03000C7E17 /* main.m in Sources */,
				5167277E16AB3D03000C7E17 /* UZGAppDelegate.m in Sources */,
				5167278A16AB3F56000C7E17 /* BRApplianceCategory.m in Sources */,
				5167278B16AB3F56000C7E17 /* BRBaseAppliance.m in Sources */,
				5199A6E116AB52950057AA02 /* BRControl.m in Sources */,
				5199A6E316AB52950057AA02 /* BRImageControl.m in Sources */,
				5199A6E616AB53660057AA02 /* BRImage.m in Sources */,
				5199A6E916AB53810057AA02 /* BRThemeInfo.m in Sources */,
				5199A6EC16AB55360057AA02 /* BRAlertController.m in Sources */,
				5199A6F216AB5DE00057AA02 /* BRController.m in Sources */,
				5199A6F516AB5DF90057AA02 /* BRMenuController.m in Sources */,
				5199A6F816AB5E130057AA02 /* BRMediaMenuController.m in Sources */,
				5199A6FC16AB60870057AA02 /* UZGShowsListController.m in Sources */,
				5199A6FF16AB64850057AA02 /* BRListControl.m in Sources */,
				5199A70216AB693F0057AA02 /* BRMenuItem.m in Sources */,
				5199A70C16AB8C630057AA02 /* UZGEpisodesListController.m in Sources */,
				5199A70F16AC0B9E0057AA02 /* BRControllerStack.m in Sources */,
				517C3DB216AC5F5200270F3D /* UZGEpisodeMediaAsset.m in Sources */,
				517C3DB616AC653D00270F3D /* BRBaseMediaAsset.m in Sources */,
				517C3DB916AC663800270F3D /* BRMediaType.m in Sources */,
				517C3DBC16AC688900270F3D /* BRMediaPlayerManager.m in Sources */,
				517C3DC216AC827F00270F3D /* UZGBaseListController.m in Sources */,
				517C3DC616AC8F4B00270F3D /* UZGPlistStore.m in Sources */,
				51A11A5A16B1E9BF00E3C88D /* BRMediaPlayer.m in Sources */,
				51D6A89F16BC0C9400E174E1 /* BRImageAndSyncingPreviewController.m in Sources */,
				51D6A8A316BC417100E174E1 /* UZGBookmarksListController.m in Sources */,
				5100D58616CEA406004E2D5E /* UZGHTMLRequestOperation.m in Sources */,
				5100D58916D05E55004E2D5E /* BREvent.m in Sources */,
				5100D58D16D2DD90004E2D5E /* UZGShowMediaAsset.m in Sources */,
				51F2F93C16D58AA700A97FDF /* UZGPaginationData.m in Sources */,
				51F2F94016D595A800A97FDF /* UZGBaseMediaAsset.m in Sources */,
				51F2F94616D6D90B00A97FDF /* UZGHTMLDocument.m in Sources */,
				51F2F95416DA89AE00A97FDF /* UZGMetadataPreviewControl.m in Sources */,
			);
			runOnlyForDeploymentPostprocessing = 0;
		};
/* End PBXSourcesBuildPhase section */

/* Begin PBXVariantGroup section */
		5100D54716CD8F53004E2D5E /* Localizable.strings */ = {
			isa = PBXVariantGroup;
			children = (
				5100D54616CD8F53004E2D5E /* en */,
				5100D54C16CD9025004E2D5E /* nl */,
			);
			name = Localizable.strings;
			path = Resources;
			sourceTree = SOURCE_ROOT;
		};
		5167277616AB3D03000C7E17 /* InfoPlist.strings */ = {
			isa = PBXVariantGroup;
			children = (
				5167277716AB3D03000C7E17 /* en */,
				5100D54D16CD9025004E2D5E /* nl */,
			);
			name = InfoPlist.strings;
			sourceTree = "<group>";
		};
		517C3DCD16ACA4D200270F3D /* InfoPlist.strings */ = {
			isa = PBXVariantGroup;
			children = (
				517C3DCC16ACA4D200270F3D /* en */,
				5100D54B16CD9025004E2D5E /* nl */,
			);
			name = InfoPlist.strings;
			sourceTree = "<group>";
		};
/* End PBXVariantGroup section */

/* Begin XCBuildConfiguration section */
		5108FBDF16A87F140020589D /* Debug */ = {
			isa = XCBuildConfiguration;
			buildSettings = {
				ALWAYS_SEARCH_USER_PATHS = NO;
				CLANG_CXX_LANGUAGE_STANDARD = "gnu++0x";
				CLANG_CXX_LIBRARY = "libc++";
				CLANG_WARN_EMPTY_BODY = YES;
				CLANG_WARN__DUPLICATE_METHOD_MATCH = YES;
				"CODE_SIGN_IDENTITY[sdk=iphoneos*]" = "iPhone Developer";
				COPY_PHASE_STRIP = NO;
				GCC_C_LANGUAGE_STANDARD = gnu99;
				GCC_DYNAMIC_NO_PIC = NO;
				GCC_OPTIMIZATION_LEVEL = 0;
				GCC_PREPROCESSOR_DEFINITIONS = (
					"DEBUG=1",
					"$(inherited)",
				);
				GCC_SYMBOLS_PRIVATE_EXTERN = NO;
				GCC_WARN_ABOUT_RETURN_TYPE = YES;
				GCC_WARN_UNINITIALIZED_AUTOS = YES;
				GCC_WARN_UNUSED_VARIABLE = YES;
				IPHONEOS_DEPLOYMENT_TARGET = 5.1.1;
				ONLY_ACTIVE_ARCH = YES;
				SDKROOT = iphoneos;
			};
			name = Debug;
		};
		5108FBE016A87F140020589D /* Release */ = {
			isa = XCBuildConfiguration;
			buildSettings = {
				ALWAYS_SEARCH_USER_PATHS = NO;
				CLANG_CXX_LANGUAGE_STANDARD = "gnu++0x";
				CLANG_CXX_LIBRARY = "libc++";
				CLANG_WARN_EMPTY_BODY = YES;
				CLANG_WARN__DUPLICATE_METHOD_MATCH = YES;
				"CODE_SIGN_IDENTITY[sdk=iphoneos*]" = "iPhone Developer";
				COPY_PHASE_STRIP = YES;
				GCC_C_LANGUAGE_STANDARD = gnu99;
				GCC_WARN_ABOUT_RETURN_TYPE = YES;
				GCC_WARN_UNINITIALIZED_AUTOS = YES;
				GCC_WARN_UNUSED_VARIABLE = YES;
				IPHONEOS_DEPLOYMENT_TARGET = 5.1.1;
				OTHER_CFLAGS = "-DNS_BLOCK_ASSERTIONS=1";
				SDKROOT = iphoneos;
				VALIDATE_PRODUCT = YES;
			};
			name = Release;
		};
		5167275F16AB3B7D000C7E17 /* Debug */ = {
			isa = XCBuildConfiguration;
			baseConfigurationReference = 5199A6C916AB42D90057AA02 /* Pods.xcconfig */;
			buildSettings = {
				ARCHS = "$(ARCHS_STANDARD_32_BIT)";
				ATV_ADDRESS = "apple-tv.local";
				ATV_APPLIANCE_INSTALL_PATH = /Applications/AppleTV.app/Appliances;
				ATV_SSH_USER = root;
				CLANG_ENABLE_OBJC_ARC = YES;
				COPY_PHASE_STRIP = NO;
				FRAMEWORK_SEARCH_PATHS = (
					"$(inherited)",
					"\"$(SDKROOT)$(SYSTEM_LIBRARY_DIR)/PrivateFrameworks\"",
				);
				GCC_DYNAMIC_NO_PIC = NO;
				GCC_ENABLE_FIX_AND_CONTINUE = YES;
				GCC_MODEL_TUNING = "";
				GCC_OPTIMIZATION_LEVEL = 0;
				GCC_PRECOMPILE_PREFIX_HEADER = YES;
				GCC_PREFIX_HEADER = "Gemist/Gemist-Prefix.pch";
				GCC_WARN_ABOUT_MISSING_PROTOTYPES = YES;
				GCC_WARN_ABOUT_RETURN_TYPE = YES;
				GCC_WARN_UNUSED_VARIABLE = YES;
				HEADER_SEARCH_PATHS = (
					"\"$(SRCROOT)/BackRow/Device/include\"/**",
					"\"$(SRCROOT)/BackRow/Shared/include\"",
					"$(inherited)",
				);
				INFOPLIST_FILE = "Gemist/Gemist-Info.plist";
				INSTALL_PATH = /Library/Bundles;
				IPHONEOS_DEPLOYMENT_TARGET = 5.1;
				LINK_WITH_STANDARD_LIBRARIES = NO;
				MACH_O_TYPE = mh_bundle;
				OTHER_LDFLAGS = (
					"-undefined",
					dynamic_lookup,
					"$(inherited)",
				);
				PREBINDING = YES;
				PRODUCT_NAME = Gemist;
				SDKROOT = iphoneos;
				SUPPORTED_PLATFORMS = iphoneos;
				TARGETED_DEVICE_FAMILY = 1;
				WRAPPER_EXTENSION = frappliance;
			};
			name = Debug;
		};
		5167276016AB3B7D000C7E17 /* Release */ = {
			isa = XCBuildConfiguration;
			baseConfigurationReference = 5199A6C916AB42D90057AA02 /* Pods.xcconfig */;
			buildSettings = {
				ARCHS = "$(ARCHS_STANDARD_32_BIT)";
				ATV_ADDRESS = "apple-tv.local";
				ATV_APPLIANCE_INSTALL_PATH = /Applications/AppleTV.app/Appliances;
				ATV_SSH_USER = root;
				CLANG_ENABLE_OBJC_ARC = YES;
				COPY_PHASE_STRIP = NO;
				DEBUG_INFORMATION_FORMAT = "dwarf-with-dsym";
				FRAMEWORK_SEARCH_PATHS = (
					"$(inherited)",
					"\"$(SDKROOT)$(SYSTEM_LIBRARY_DIR)/PrivateFrameworks\"",
				);
				GCC_ENABLE_FIX_AND_CONTINUE = NO;
				GCC_MODEL_TUNING = "";
				GCC_PRECOMPILE_PREFIX_HEADER = YES;
				GCC_PREFIX_HEADER = "Gemist/Gemist-Prefix.pch";
				GCC_WARN_ABOUT_MISSING_PROTOTYPES = YES;
				GCC_WARN_ABOUT_RETURN_TYPE = YES;
				GCC_WARN_UNUSED_VARIABLE = YES;
				HEADER_SEARCH_PATHS = (
					"\"$(SRCROOT)/BackRow/Device/include\"/**",
					"\"$(SRCROOT)/BackRow/Shared/include\"",
					"$(inherited)",
				);
				INFOPLIST_FILE = "Gemist/Gemist-Info.plist";
				INSTALL_PATH = /Library/Bundles;
				IPHONEOS_DEPLOYMENT_TARGET = 5.1;
				LINK_WITH_STANDARD_LIBRARIES = NO;
				MACH_O_TYPE = mh_bundle;
				OTHER_LDFLAGS = (
					"-undefined",
					dynamic_lookup,
					"$(inherited)",
				);
				PREBINDING = YES;
				PRODUCT_NAME = Gemist;
				SDKROOT = iphoneos;
				SUPPORTED_PLATFORMS = iphoneos;
				TARGETED_DEVICE_FAMILY = 1;
				WRAPPER_EXTENSION = frappliance;
				ZERO_LINK = NO;
			};
			name = Release;
		};
		5167278516AB3D03000C7E17 /* Debug */ = {
			isa = XCBuildConfiguration;
			baseConfigurationReference = 5199A6C916AB42D90057AA02 /* Pods.xcconfig */;
			buildSettings = {
				CLANG_ENABLE_OBJC_ARC = YES;
				"CODE_SIGN_IDENTITY[sdk=iphoneos*]" = "iPhone Developer";
				GCC_PRECOMPILE_PREFIX_HEADER = YES;
				GCC_PREFIX_HEADER = "Gemist-Sim/Gemist-Sim-Prefix.pch";
				HEADER_SEARCH_PATHS = (
					"\"${SRCROOT}/BackRow/Simulator/include\"",
					"\"$(SRCROOT)/BackRow/Shared/include\"",
					"$(inherited)",
				);
				INFOPLIST_FILE = "Gemist-Sim/Gemist-Sim-Info.plist";
				IPHONEOS_DEPLOYMENT_TARGET = 6.0;
				PRODUCT_NAME = "$(TARGET_NAME)";
				WRAPPER_EXTENSION = app;
			};
			name = Debug;
		};
		5167278616AB3D03000C7E17 /* Release */ = {
			isa = XCBuildConfiguration;
			baseConfigurationReference = 5199A6C916AB42D90057AA02 /* Pods.xcconfig */;
			buildSettings = {
				CLANG_ENABLE_OBJC_ARC = YES;
				"CODE_SIGN_IDENTITY[sdk=iphoneos*]" = "iPhone Developer";
				GCC_PRECOMPILE_PREFIX_HEADER = YES;
				GCC_PREFIX_HEADER = "Gemist-Sim/Gemist-Sim-Prefix.pch";
				HEADER_SEARCH_PATHS = (
					"\"${SRCROOT}/BackRow/Simulator/include\"",
					"\"$(SRCROOT)/BackRow/Shared/include\"",
					"$(inherited)",
				);
				INFOPLIST_FILE = "Gemist-Sim/Gemist-Sim-Info.plist";
				IPHONEOS_DEPLOYMENT_TARGET = 6.0;
				PRODUCT_NAME = "$(TARGET_NAME)";
				WRAPPER_EXTENSION = app;
			};
			name = Release;
		};
/* End XCBuildConfiguration section */

/* Begin XCConfigurationList section */
		5108FBB716A87F140020589D /* Build configuration list for PBXProject "UitzendingGemist" */ = {
			isa = XCConfigurationList;
			buildConfigurations = (
				5108FBDF16A87F140020589D /* Debug */,
				5108FBE016A87F140020589D /* Release */,
			);
			defaultConfigurationIsVisible = 0;
			defaultConfigurationName = Release;
		};
		5167276116AB3B7D000C7E17 /* Build configuration list for PBXNativeTarget "Gemist" */ = {
			isa = XCConfigurationList;
			buildConfigurations = (
				5167275F16AB3B7D000C7E17 /* Debug */,
				5167276016AB3B7D000C7E17 /* Release */,
			);
			defaultConfigurationIsVisible = 0;
			defaultConfigurationName = Release;
		};
		5167278716AB3D03000C7E17 /* Build configuration list for PBXNativeTarget "Gemist-Sim" */ = {
			isa = XCConfigurationList;
			buildConfigurations = (
				5167278516AB3D03000C7E17 /* Debug */,
				5167278616AB3D03000C7E17 /* Release */,
			);
			defaultConfigurationIsVisible = 0;
			defaultConfigurationName = Release;
		};
/* End XCConfigurationList section */
	};
	rootObject = 5108FBB416A87F140020589D /* Project object */;
}
